// !$*UTF8*$!
{
	archiveVersion = 1;
	classes = {
	};
	objectVersion = 46;
	objects = {

/* Begin PBXBuildFile section */
		7501493B1D57825F00B22C87 /* ViewController.swift in Sources */ = {isa = PBXBuildFile; fileRef = 7501493A1D57825F00B22C87 /* ViewController.swift */; };
		7501493D1D57827800B22C87 /* Segue.swift in Sources */ = {isa = PBXBuildFile; fileRef = 7501493C1D57827800B22C87 /* Segue.swift */; };
		7501493F1D57828D00B22C87 /* Reusable.swift in Sources */ = {isa = PBXBuildFile; fileRef = 7501493E1D57828D00B22C87 /* Reusable.swift */; };
		750149411D5782AC00B22C87 /* Storyboard.swift in Sources */ = {isa = PBXBuildFile; fileRef = 750149401D5782AC00B22C87 /* Storyboard.swift */; };
		750149431D5782CA00B22C87 /* Scene.swift in Sources */ = {isa = PBXBuildFile; fileRef = 750149421D5782CA00B22C87 /* Scene.swift */; };
		750149451D5782F100B22C87 /* OS.swift in Sources */ = {isa = PBXBuildFile; fileRef = 750149441D5782F100B22C87 /* OS.swift */; };
		750149471D57830A00B22C87 /* StoryboardFile.swift in Sources */ = {isa = PBXBuildFile; fileRef = 750149461D57830A00B22C87 /* StoryboardFile.swift */; };
		750EA4CA1D57C65E00782671 /* ParserTest.swift in Sources */ = {isa = PBXBuildFile; fileRef = 750EA4C91D57C65E00782671 /* ParserTest.swift */; };
		75E28AAC1D577D0500A80623 /* Helpers.swift in Sources */ = {isa = PBXBuildFile; fileRef = 75E28AA41D577D0500A80623 /* Helpers.swift */; };
		75E28AAD1D577D0500A80623 /* main.swift in Sources */ = {isa = PBXBuildFile; fileRef = 75E28AA51D577D0500A80623 /* main.swift */; };
		75E28AAE1D577D0500A80623 /* Parser.swift in Sources */ = {isa = PBXBuildFile; fileRef = 75E28AA61D577D0500A80623 /* Parser.swift */; };
		75E28AAF1D577D0500A80623 /* String+Extension.swift in Sources */ = {isa = PBXBuildFile; fileRef = 75E28AA71D577D0500A80623 /* String+Extension.swift */; };
		75E28AB01D577D0500A80623 /* SWXMLHash+TypeConversion.swift in Sources */ = {isa = PBXBuildFile; fileRef = 75E28AAA1D577D0500A80623 /* SWXMLHash+TypeConversion.swift */; };
		75E28AB11D577D0500A80623 /* SWXMLHash.swift in Sources */ = {isa = PBXBuildFile; fileRef = 75E28AAB1D577D0500A80623 /* SWXMLHash.swift */; };
		75E28AB31D577EEA00A80623 /* XMLObject.swift in Sources */ = {isa = PBXBuildFile; fileRef = 75E28AB21D577EEA00A80623 /* XMLObject.swift */; };
/* End PBXBuildFile section */

/* Begin PBXCopyFilesBuildPhase section */
		755B834D1D576CBF0020148B /* CopyFiles */ = {
			isa = PBXCopyFilesBuildPhase;
			buildActionMask = 2147483647;
			dstPath = "";
			dstSubfolderSpec = 7;
			files = (
			);
			runOnlyForDeploymentPostprocessing = 1;
		};
/* End PBXCopyFilesBuildPhase section */

/* Begin PBXFileReference section */
		7501493A1D57825F00B22C87 /* ViewController.swift */ = {isa = PBXFileReference; fileEncoding = 4; lastKnownFileType = sourcecode.swift; path = ViewController.swift; sourceTree = "<group>"; };
		7501493C1D57827800B22C87 /* Segue.swift */ = {isa = PBXFileReference; fileEncoding = 4; lastKnownFileType = sourcecode.swift; path = Segue.swift; sourceTree = "<group>"; };
		7501493E1D57828D00B22C87 /* Reusable.swift */ = {isa = PBXFileReference; fileEncoding = 4; lastKnownFileType = sourcecode.swift; path = Reusable.swift; sourceTree = "<group>"; };
		750149401D5782AC00B22C87 /* Storyboard.swift */ = {isa = PBXFileReference; fileEncoding = 4; lastKnownFileType = sourcecode.swift; path = Storyboard.swift; sourceTree = "<group>"; };
		750149421D5782CA00B22C87 /* Scene.swift */ = {isa = PBXFileReference; fileEncoding = 4; lastKnownFileType = sourcecode.swift; path = Scene.swift; sourceTree = "<group>"; };
		750149441D5782F100B22C87 /* OS.swift */ = {isa = PBXFileReference; fileEncoding = 4; lastKnownFileType = sourcecode.swift; path = OS.swift; sourceTree = "<group>"; };
		750149461D57830A00B22C87 /* StoryboardFile.swift */ = {isa = PBXFileReference; fileEncoding = 4; lastKnownFileType = sourcecode.swift; path = StoryboardFile.swift; sourceTree = "<group>"; };
		750EA4C71D57C65E00782671 /* natalie-tests.xctest */ = {isa = PBXFileReference; explicitFileType = wrapper.cfbundle; includeInIndex = 0; path = "natalie-tests.xctest"; sourceTree = BUILT_PRODUCTS_DIR; };
		750EA4C91D57C65E00782671 /* ParserTest.swift */ = {isa = PBXFileReference; lastKnownFileType = sourcecode.swift; path = ParserTest.swift; sourceTree = "<group>"; };
		750EA4CB1D57C65E00782671 /* Info.plist */ = {isa = PBXFileReference; lastKnownFileType = text.plist.xml; path = Info.plist; sourceTree = "<group>"; };
		755B834F1D576CBF0020148B /* natalie */ = {isa = PBXFileReference; explicitFileType = "compiled.mach-o.executable"; includeInIndex = 0; path = natalie; sourceTree = BUILT_PRODUCTS_DIR; };
		75E28AA41D577D0500A80623 /* Helpers.swift */ = {isa = PBXFileReference; fileEncoding = 4; lastKnownFileType = sourcecode.swift; path = Helpers.swift; sourceTree = "<group>"; };
		75E28AA51D577D0500A80623 /* main.swift */ = {isa = PBXFileReference; fileEncoding = 4; lastKnownFileType = sourcecode.swift; lineEnding = 0; path = main.swift; sourceTree = "<group>"; xcLanguageSpecificationIdentifier = xcode.lang.swift; };
		75E28AA61D577D0500A80623 /* Parser.swift */ = {isa = PBXFileReference; fileEncoding = 4; lastKnownFileType = sourcecode.swift; lineEnding = 0; path = Parser.swift; sourceTree = "<group>"; xcLanguageSpecificationIdentifier = xcode.lang.swift; };
		75E28AA71D577D0500A80623 /* String+Extension.swift */ = {isa = PBXFileReference; fileEncoding = 4; lastKnownFileType = sourcecode.swift; path = "String+Extension.swift"; sourceTree = "<group>"; };
		75E28AA91D577D0500A80623 /* Notes.txt */ = {isa = PBXFileReference; fileEncoding = 4; lastKnownFileType = text; path = Notes.txt; sourceTree = "<group>"; };
		75E28AAA1D577D0500A80623 /* SWXMLHash+TypeConversion.swift */ = {isa = PBXFileReference; fileEncoding = 4; lastKnownFileType = sourcecode.swift; path = "SWXMLHash+TypeConversion.swift"; sourceTree = "<group>"; };
		75E28AAB1D577D0500A80623 /* SWXMLHash.swift */ = {isa = PBXFileReference; fileEncoding = 4; lastKnownFileType = sourcecode.swift; path = SWXMLHash.swift; sourceTree = "<group>"; };
		75E28AB21D577EEA00A80623 /* XMLObject.swift */ = {isa = PBXFileReference; fileEncoding = 4; lastKnownFileType = sourcecode.swift; path = XMLObject.swift; sourceTree = "<group>"; };
/* End PBXFileReference section */

/* Begin PBXFrameworksBuildPhase section */
		750EA4C41D57C65E00782671 /* Frameworks */ = {
			isa = PBXFrameworksBuildPhase;
			buildActionMask = 2147483647;
			files = (
			);
			runOnlyForDeploymentPostprocessing = 0;
		};
		755B834C1D576CBF0020148B /* Frameworks */ = {
			isa = PBXFrameworksBuildPhase;
			buildActionMask = 2147483647;
			files = (
			);
			runOnlyForDeploymentPostprocessing = 0;
		};
/* End PBXFrameworksBuildPhase section */

/* Begin PBXGroup section */
		750EA4C81D57C65E00782671 /* natalie-tests */ = {
			isa = PBXGroup;
			children = (
				750EA4C91D57C65E00782671 /* ParserTest.swift */,
				750EA4CB1D57C65E00782671 /* Info.plist */,
			);
			path = "natalie-tests";
			sourceTree = "<group>";
		};
		755B83461D576CBF0020148B = {
			isa = PBXGroup;
			children = (
				75E28AA21D577D0500A80623 /* Sources */,
				750EA4C81D57C65E00782671 /* natalie-tests */,
				755B83501D576CBF0020148B /* Products */,
			);
			sourceTree = "<group>";
		};
		755B83501D576CBF0020148B /* Products */ = {
			isa = PBXGroup;
			children = (
				755B834F1D576CBF0020148B /* natalie */,
				750EA4C71D57C65E00782671 /* natalie-tests.xctest */,
			);
			name = Products;
			sourceTree = "<group>";
		};
		75E28AA21D577D0500A80623 /* Sources */ = {
			isa = PBXGroup;
			children = (
				75E28AA31D577D0500A80623 /* natalie */,
			);
			path = Sources;
			sourceTree = "<group>";
		};
		75E28AA31D577D0500A80623 /* natalie */ = {
			isa = PBXGroup;
			children = (
				75E28AA81D577D0500A80623 /* SWXMLHash */,
				75E28AA51D577D0500A80623 /* main.swift */,
				750149441D5782F100B22C87 /* OS.swift */,
				750149461D57830A00B22C87 /* StoryboardFile.swift */,
				75E28AA61D577D0500A80623 /* Parser.swift */,
				75E28AB21D577EEA00A80623 /* XMLObject.swift */,
				C428BDFE1ECD79D800F037BA /* XMLObject */,
				75E28AA41D577D0500A80623 /* Helpers.swift */,
				75E28AA71D577D0500A80623 /* String+Extension.swift */,
			);
			path = natalie;
			sourceTree = "<group>";
		};
		75E28AA81D577D0500A80623 /* SWXMLHash */ = {
			isa = PBXGroup;
			children = (
				75E28AA91D577D0500A80623 /* Notes.txt */,
				75E28AAA1D577D0500A80623 /* SWXMLHash+TypeConversion.swift */,
				75E28AAB1D577D0500A80623 /* SWXMLHash.swift */,
			);
			path = SWXMLHash;
			sourceTree = "<group>";
		};
		C428BDFE1ECD79D800F037BA /* XMLObject */ = {
			isa = PBXGroup;
			children = (
				750149401D5782AC00B22C87 /* Storyboard.swift */,
				750149421D5782CA00B22C87 /* Scene.swift */,
				7501493A1D57825F00B22C87 /* ViewController.swift */,
				7501493C1D57827800B22C87 /* Segue.swift */,
				7501493E1D57828D00B22C87 /* Reusable.swift */,
			);
			name = XMLObject;
			sourceTree = "<group>";
		};
/* End PBXGroup section */

/* Begin PBXNativeTarget section */
		750EA4C61D57C65E00782671 /* natalie-tests */ = {
			isa = PBXNativeTarget;
			buildConfigurationList = 750EA4CC1D57C65E00782671 /* Build configuration list for PBXNativeTarget "natalie-tests" */;
			buildPhases = (
				750EA4C31D57C65E00782671 /* Sources */,
				750EA4C41D57C65E00782671 /* Frameworks */,
				750EA4C51D57C65E00782671 /* Resources */,
			);
			buildRules = (
			);
			dependencies = (
			);
			name = "natalie-tests";
			productName = "natalie-tests";
			productReference = 750EA4C71D57C65E00782671 /* natalie-tests.xctest */;
			productType = "com.apple.product-type.bundle.unit-test";
		};
		755B834E1D576CBF0020148B /* natalie */ = {
			isa = PBXNativeTarget;
			buildConfigurationList = 755B83561D576CBF0020148B /* Build configuration list for PBXNativeTarget "natalie" */;
			buildPhases = (
				755B834B1D576CBF0020148B /* Sources */,
				755B834C1D576CBF0020148B /* Frameworks */,
				755B834D1D576CBF0020148B /* CopyFiles */,
			);
			buildRules = (
			);
			dependencies = (
			);
			name = natalie;
			productName = natalie;
			productReference = 755B834F1D576CBF0020148B /* natalie */;
			productType = "com.apple.product-type.tool";
		};
/* End PBXNativeTarget section */

/* Begin PBXProject section */
		755B83471D576CBF0020148B /* Project object */ = {
			isa = PBXProject;
			attributes = {
				LastSwiftUpdateCheck = 0800;
				LastUpgradeCheck = 0830;
				ORGANIZATIONNAME = "Marcin Krzyzanowski";
				TargetAttributes = {
					750EA4C61D57C65E00782671 = {
						CreatedOnToolsVersion = 8.0;
						DevelopmentTeam = 67RAULRX93;
						ProvisioningStyle = Automatic;
					};
					755B834E1D576CBF0020148B = {
						CreatedOnToolsVersion = 8.0;
						DevelopmentTeam = 67RAULRX93;
						ProvisioningStyle = Automatic;
					};
				};
			};
			buildConfigurationList = 755B834A1D576CBF0020148B /* Build configuration list for PBXProject "Natalie" */;
			compatibilityVersion = "Xcode 3.2";
			developmentRegion = English;
			hasScannedForEncodings = 0;
			knownRegions = (
				en,
			);
			mainGroup = 755B83461D576CBF0020148B;
			productRefGroup = 755B83501D576CBF0020148B /* Products */;
			projectDirPath = "";
			projectRoot = "";
			targets = (
				755B834E1D576CBF0020148B /* natalie */,
				750EA4C61D57C65E00782671 /* natalie-tests */,
			);
		};
/* End PBXProject section */

/* Begin PBXResourcesBuildPhase section */
		750EA4C51D57C65E00782671 /* Resources */ = {
			isa = PBXResourcesBuildPhase;
			buildActionMask = 2147483647;
			files = (
			);
			runOnlyForDeploymentPostprocessing = 0;
		};
/* End PBXResourcesBuildPhase section */

/* Begin PBXSourcesBuildPhase section */
		750EA4C31D57C65E00782671 /* Sources */ = {
			isa = PBXSourcesBuildPhase;
			buildActionMask = 2147483647;
			files = (
				750EA4CA1D57C65E00782671 /* ParserTest.swift in Sources */,
			);
			runOnlyForDeploymentPostprocessing = 0;
		};
		755B834B1D576CBF0020148B /* Sources */ = {
			isa = PBXSourcesBuildPhase;
			buildActionMask = 2147483647;
			files = (
				750149471D57830A00B22C87 /* StoryboardFile.swift in Sources */,
				75E28AAF1D577D0500A80623 /* String+Extension.swift in Sources */,
				750149411D5782AC00B22C87 /* Storyboard.swift in Sources */,
				75E28AB11D577D0500A80623 /* SWXMLHash.swift in Sources */,
				75E28AAD1D577D0500A80623 /* main.swift in Sources */,
				75E28AAC1D577D0500A80623 /* Helpers.swift in Sources */,
				7501493F1D57828D00B22C87 /* Reusable.swift in Sources */,
				75E28AB31D577EEA00A80623 /* XMLObject.swift in Sources */,
				75E28AAE1D577D0500A80623 /* Parser.swift in Sources */,
				750149451D5782F100B22C87 /* OS.swift in Sources */,
				750149431D5782CA00B22C87 /* Scene.swift in Sources */,
				7501493B1D57825F00B22C87 /* ViewController.swift in Sources */,
				7501493D1D57827800B22C87 /* Segue.swift in Sources */,
				75E28AB01D577D0500A80623 /* SWXMLHash+TypeConversion.swift in Sources */,
			);
			runOnlyForDeploymentPostprocessing = 0;
		};
/* End PBXSourcesBuildPhase section */

/* Begin XCBuildConfiguration section */
		750EA4CD1D57C65E00782671 /* Debug */ = {
			isa = XCBuildConfiguration;
			buildSettings = {
				COMBINE_HIDPI_IMAGES = YES;
				DEVELOPMENT_TEAM = 67RAULRX93;
				INFOPLIST_FILE = "natalie-tests/Info.plist";
				LD_RUNPATH_SEARCH_PATHS = "$(inherited) @executable_path/../Frameworks @loader_path/../Frameworks";
				MACOSX_DEPLOYMENT_TARGET = 10.11;
				PRODUCT_BUNDLE_IDENTIFIER = "com.krzyzanowskim.natalie-tests";
				PRODUCT_NAME = "$(TARGET_NAME)";
				SWIFT_ACTIVE_COMPILATION_CONDITIONS = DEBUG;
				SWIFT_VERSION = 3.0;
			};
			name = Debug;
		};
		750EA4CE1D57C65E00782671 /* Release */ = {
			isa = XCBuildConfiguration;
			buildSettings = {
				COMBINE_HIDPI_IMAGES = YES;
				DEVELOPMENT_TEAM = 67RAULRX93;
				INFOPLIST_FILE = "natalie-tests/Info.plist";
				LD_RUNPATH_SEARCH_PATHS = "$(inherited) @executable_path/../Frameworks @loader_path/../Frameworks";
				MACOSX_DEPLOYMENT_TARGET = 10.11;
				PRODUCT_BUNDLE_IDENTIFIER = "com.krzyzanowskim.natalie-tests";
				PRODUCT_NAME = "$(TARGET_NAME)";
				SWIFT_OPTIMIZATION_LEVEL = "-Owholemodule";
				SWIFT_VERSION = 3.0;
			};
			name = Release;
		};
		755B83541D576CBF0020148B /* Debug */ = {
			isa = XCBuildConfiguration;
			buildSettings = {
				ALWAYS_SEARCH_USER_PATHS = NO;
				CLANG_ANALYZER_NONNULL = YES;
				CLANG_CXX_LANGUAGE_STANDARD = "gnu++0x";
				CLANG_CXX_LIBRARY = "libc++";
				CLANG_ENABLE_MODULES = YES;
				CLANG_ENABLE_OBJC_ARC = YES;
				CLANG_WARN_BOOL_CONVERSION = YES;
				CLANG_WARN_CONSTANT_CONVERSION = YES;
				CLANG_WARN_DIRECT_OBJC_ISA_USAGE = YES_ERROR;
				CLANG_WARN_DOCUMENTATION_COMMENTS = YES;
				CLANG_WARN_EMPTY_BODY = YES;
				CLANG_WARN_ENUM_CONVERSION = YES;
				CLANG_WARN_INFINITE_RECURSION = YES;
				CLANG_WARN_INT_CONVERSION = YES;
				CLANG_WARN_OBJC_ROOT_CLASS = YES_ERROR;
				CLANG_WARN_SUSPICIOUS_MOVE = YES;
				CLANG_WARN_SUSPICIOUS_MOVES = YES;
				CLANG_WARN_UNREACHABLE_CODE = YES;
				CLANG_WARN__DUPLICATE_METHOD_MATCH = YES;
				CODE_SIGN_IDENTITY = "-";
				COPY_PHASE_STRIP = NO;
				DEBUG_INFORMATION_FORMAT = dwarf;
				ENABLE_STRICT_OBJC_MSGSEND = YES;
				ENABLE_TESTABILITY = YES;
				GCC_C_LANGUAGE_STANDARD = gnu99;
				GCC_DYNAMIC_NO_PIC = NO;
				GCC_NO_COMMON_BLOCKS = YES;
				GCC_OPTIMIZATION_LEVEL = 0;
				GCC_PREPROCESSOR_DEFINITIONS = (
					"DEBUG=1",
					"$(inherited)",
				);
				GCC_WARN_64_TO_32_BIT_CONVERSION = YES;
				GCC_WARN_ABOUT_RETURN_TYPE = YES_ERROR;
				GCC_WARN_UNDECLARED_SELECTOR = YES;
				GCC_WARN_UNINITIALIZED_AUTOS = YES_AGGRESSIVE;
				GCC_WARN_UNUSED_FUNCTION = YES;
				GCC_WARN_UNUSED_VARIABLE = YES;
				MACOSX_DEPLOYMENT_TARGET = 10.10;
				MTL_ENABLE_DEBUG_INFO = YES;
				ONLY_ACTIVE_ARCH = YES;
				SDKROOT = macosx;
				SWIFT_OPTIMIZATION_LEVEL = "-Onone";
			};
			name = Debug;
		};
		755B83551D576CBF0020148B /* Release */ = {
			isa = XCBuildConfiguration;
			buildSettings = {
				ALWAYS_SEARCH_USER_PATHS = NO;
				CLANG_ANALYZER_NONNULL = YES;
				CLANG_CXX_LANGUAGE_STANDARD = "gnu++0x";
				CLANG_CXX_LIBRARY = "libc++";
				CLANG_ENABLE_MODULES = YES;
				CLANG_ENABLE_OBJC_ARC = YES;
				CLANG_WARN_BOOL_CONVERSION = YES;
				CLANG_WARN_CONSTANT_CONVERSION = YES;
				CLANG_WARN_DIRECT_OBJC_ISA_USAGE = YES_ERROR;
				CLANG_WARN_DOCUMENTATION_COMMENTS = YES;
				CLANG_WARN_EMPTY_BODY = YES;
				CLANG_WARN_ENUM_CONVERSION = YES;
				CLANG_WARN_INFINITE_RECURSION = YES;
				CLANG_WARN_INT_CONVERSION = YES;
				CLANG_WARN_OBJC_ROOT_CLASS = YES_ERROR;
				CLANG_WARN_SUSPICIOUS_MOVE = YES;
				CLANG_WARN_SUSPICIOUS_MOVES = YES;
				CLANG_WARN_UNREACHABLE_CODE = YES;
				CLANG_WARN__DUPLICATE_METHOD_MATCH = YES;
				CODE_SIGN_IDENTITY = "-";
				COPY_PHASE_STRIP = NO;
				DEBUG_INFORMATION_FORMAT = "dwarf-with-dsym";
				ENABLE_NS_ASSERTIONS = NO;
				ENABLE_STRICT_OBJC_MSGSEND = YES;
				GCC_C_LANGUAGE_STANDARD = gnu99;
				GCC_NO_COMMON_BLOCKS = YES;
				GCC_WARN_64_TO_32_BIT_CONVERSION = YES;
				GCC_WARN_ABOUT_RETURN_TYPE = YES_ERROR;
				GCC_WARN_UNDECLARED_SELECTOR = YES;
				GCC_WARN_UNINITIALIZED_AUTOS = YES_AGGRESSIVE;
				GCC_WARN_UNUSED_FUNCTION = YES;
				GCC_WARN_UNUSED_VARIABLE = YES;
				MACOSX_DEPLOYMENT_TARGET = 10.10;
				MTL_ENABLE_DEBUG_INFO = NO;
				SDKROOT = macosx;
				SWIFT_OPTIMIZATION_LEVEL = "-Owholemodule";
			};
			name = Release;
		};
		755B83571D576CBF0020148B /* Debug */ = {
			isa = XCBuildConfiguration;
			buildSettings = {
				DEVELOPMENT_TEAM = 67RAULRX93;
				PRODUCT_NAME = "$(TARGET_NAME)";
				SWIFT_VERSION = 3.0;
			};
			name = Debug;
		};
		755B83581D576CBF0020148B /* Release */ = {
			isa = XCBuildConfiguration;
			buildSettings = {
				DEVELOPMENT_TEAM = 67RAULRX93;
				PRODUCT_NAME = "$(TARGET_NAME)";
				SWIFT_VERSION = 3.0;
			};
			name = Release;
		};
/* End XCBuildConfiguration section */

/* Begin XCConfigurationList section */
		750EA4CC1D57C65E00782671 /* Build configuration list for PBXNativeTarget "natalie-tests" */ = {
			isa = XCConfigurationList;
			buildConfigurations = (
				750EA4CD1D57C65E00782671 /* Debug */,
				750EA4CE1D57C65E00782671 /* Release */,
			);
			defaultConfigurationIsVisible = 0;
			defaultConfigurationName = Release;
		};
		755B834A1D576CBF0020148B /* Build configuration list for PBXProject "Natalie" */ = {
			isa = XCConfigurationList;
			buildConfigurations = (
				755B83541D576CBF0020148B /* Debug */,
				755B83551D576CBF0020148B /* Release */,
			);
			defaultConfigurationIsVisible = 0;
			defaultConfigurationName = Release;
		};
		755B83561D576CBF0020148B /* Build configuration list for PBXNativeTarget "natalie" */ = {
			isa = XCConfigurationList;
			buildConfigurations = (
				755B83571D576CBF0020148B /* Debug */,
				755B83581D576CBF0020148B /* Release */,
			);
			defaultConfigurationIsVisible = 0;
			defaultConfigurationName = Release;
		};
/* End XCConfigurationList section */
	};
	rootObject = 755B83471D576CBF0020148B /* Project object */;
}
