// !$*UTF8*$!
{
	archiveVersion = 1;
	classes = {
	};
	objectVersion = 46;
	objects = {

/* Begin PBXBuildFile section */
		C4A1CE511B04B6C500EC9F6E /* XNatalie.xcscheme in Resources */ = {isa = PBXBuildFile; fileRef = C4A1CE501B04B6C500EC9F6E /* XNatalie.xcscheme */; };
		C4A1CE531B04B6C500EC9F6E /* XNatalie.swift in Sources */ = {isa = PBXBuildFile; fileRef = C4A1CE521B04B6C500EC9F6E /* XNatalie.swift */; };
		C4A1CE621B04B79200EC9F6E /* DVTFoundation.framework in Frameworks */ = {isa = PBXBuildFile; fileRef = C4A1CE5D1B04B79200EC9F6E /* DVTFoundation.framework */; };
		C4A1CE631B04B79200EC9F6E /* DVTKit.framework in Frameworks */ = {isa = PBXBuildFile; fileRef = C4A1CE5E1B04B79200EC9F6E /* DVTKit.framework */; };
		C4A1CE641B04B79200EC9F6E /* IBFoundation.framework in Frameworks */ = {isa = PBXBuildFile; fileRef = C4A1CE5F1B04B79200EC9F6E /* IBFoundation.framework */; };
		C4A1CE651B04B79200EC9F6E /* IDEFoundation.framework in Frameworks */ = {isa = PBXBuildFile; fileRef = C4A1CE601B04B79200EC9F6E /* IDEFoundation.framework */; };
		C4A1CE661B04B79200EC9F6E /* IDEKit.framework in Frameworks */ = {isa = PBXBuildFile; fileRef = C4A1CE611B04B79200EC9F6E /* IDEKit.framework */; };
		C4A1CE681B04B8E600EC9F6E /* README.md in Sources */ = {isa = PBXBuildFile; fileRef = C4A1CE671B04B8E600EC9F6E /* README.md */; };
/* End PBXBuildFile section */

/* Begin PBXFileReference section */
		C4A1CE4B1B04B6C500EC9F6E /* XNatalie.xcplugin */ = {isa = PBXFileReference; explicitFileType = wrapper.cfbundle; includeInIndex = 0; path = XNatalie.xcplugin; sourceTree = BUILT_PRODUCTS_DIR; };
		C4A1CE4F1B04B6C500EC9F6E /* Info.plist */ = {isa = PBXFileReference; lastKnownFileType = text.plist.xml; path = Info.plist; sourceTree = "<group>"; };
		C4A1CE501B04B6C500EC9F6E /* XNatalie.xcscheme */ = {isa = PBXFileReference; lastKnownFileType = text.xml; name = XNatalie.xcscheme; path = XNatalie.xcodeproj/xcshareddata/xcschemes/XNatalie.xcscheme; sourceTree = SOURCE_ROOT; };
		C4A1CE521B04B6C500EC9F6E /* XNatalie.swift */ = {isa = PBXFileReference; lastKnownFileType = sourcecode.swift; path = XNatalie.swift; sourceTree = "<group>"; };
		C4A1CE591B04B73B00EC9F6E /* Bridging-Header.h */ = {isa = PBXFileReference; lastKnownFileType = sourcecode.c.h; path = "Bridging-Header.h"; sourceTree = "<group>"; };
		C4A1CE5B1B04B76200EC9F6E /* Xcode.h */ = {isa = PBXFileReference; lastKnownFileType = sourcecode.c.h; path = Xcode.h; sourceTree = "<group>"; };
		C4A1CE5D1B04B79200EC9F6E /* DVTFoundation.framework */ = {isa = PBXFileReference; lastKnownFileType = wrapper.framework; name = DVTFoundation.framework; path = /Applications/Xcode.app/Contents/SharedFrameworks/DVTFoundation.framework; sourceTree = "<group>"; };
		C4A1CE5E1B04B79200EC9F6E /* DVTKit.framework */ = {isa = PBXFileReference; lastKnownFileType = wrapper.framework; name = DVTKit.framework; path = /Applications/Xcode.app/Contents/SharedFrameworks/DVTKit.framework; sourceTree = "<group>"; };
		C4A1CE5F1B04B79200EC9F6E /* IBFoundation.framework */ = {isa = PBXFileReference; lastKnownFileType = wrapper.framework; name = IBFoundation.framework; path = /Applications/Xcode.app/Contents/Frameworks/IBFoundation.framework; sourceTree = "<group>"; };
		C4A1CE601B04B79200EC9F6E /* IDEFoundation.framework */ = {isa = PBXFileReference; lastKnownFileType = wrapper.framework; name = IDEFoundation.framework; path = /Applications/Xcode.app/Contents/Frameworks/IDEFoundation.framework; sourceTree = "<group>"; };
		C4A1CE611B04B79200EC9F6E /* IDEKit.framework */ = {isa = PBXFileReference; lastKnownFileType = wrapper.framework; name = IDEKit.framework; path = /Applications/Xcode.app/Contents/Frameworks/IDEKit.framework; sourceTree = "<group>"; };
		C4A1CE671B04B8E600EC9F6E /* README.md */ = {isa = PBXFileReference; fileEncoding = 4; lastKnownFileType = net.daringfireball.markdown; path = README.md; sourceTree = "<group>"; };
/* End PBXFileReference section */

/* Begin PBXFrameworksBuildPhase section */
		C4A1CE5C1B04B77400EC9F6E /* Frameworks */ = {
			isa = PBXFrameworksBuildPhase;
			buildActionMask = 2147483647;
			files = (
				C4A1CE621B04B79200EC9F6E /* DVTFoundation.framework in Frameworks */,
				C4A1CE631B04B79200EC9F6E /* DVTKit.framework in Frameworks */,
				C4A1CE641B04B79200EC9F6E /* IBFoundation.framework in Frameworks */,
				C4A1CE651B04B79200EC9F6E /* IDEFoundation.framework in Frameworks */,
				C4A1CE661B04B79200EC9F6E /* IDEKit.framework in Frameworks */,
			);
			runOnlyForDeploymentPostprocessing = 0;
		};
/* End PBXFrameworksBuildPhase section */

/* Begin PBXGroup section */
		C4A1CE431B04B6C500EC9F6E = {
			isa = PBXGroup;
			children = (
				C4A1CE671B04B8E600EC9F6E /* README.md */,
				C4A1CE4D1B04B6C500EC9F6E /* XNatalie */,
				C4A1CE4C1B04B6C500EC9F6E /* Products */,
			);
			sourceTree = "<group>";
		};
		C4A1CE4C1B04B6C500EC9F6E /* Products */ = {
			isa = PBXGroup;
			children = (
				C4A1CE4B1B04B6C500EC9F6E /* XNatalie.xcplugin */,
			);
			name = Products;
			sourceTree = "<group>";
		};
		C4A1CE4D1B04B6C500EC9F6E /* XNatalie */ = {
			isa = PBXGroup;
			children = (
				C4A1CE521B04B6C500EC9F6E /* XNatalie.swift */,
				C4A1CE591B04B73B00EC9F6E /* Bridging-Header.h */,
				C4A1CE5A1B04B75300EC9F6E /* Xcode */,
				C4A1CE4E1B04B6C500EC9F6E /* Supporting Files */,
			);
			path = XNatalie;
			sourceTree = "<group>";
		};
		C4A1CE4E1B04B6C500EC9F6E /* Supporting Files */ = {
			isa = PBXGroup;
			children = (
				C4A1CE4F1B04B6C500EC9F6E /* Info.plist */,
				C4A1CE501B04B6C500EC9F6E /* XNatalie.xcscheme */,
			);
			name = "Supporting Files";
			sourceTree = "<group>";
		};
		C4A1CE5A1B04B75300EC9F6E /* Xcode */ = {
			isa = PBXGroup;
			children = (
				C4A1CE5B1B04B76200EC9F6E /* Xcode.h */,
				C4A1CE5D1B04B79200EC9F6E /* DVTFoundation.framework */,
				C4A1CE5E1B04B79200EC9F6E /* DVTKit.framework */,
				C4A1CE5F1B04B79200EC9F6E /* IBFoundation.framework */,
				C4A1CE601B04B79200EC9F6E /* IDEFoundation.framework */,
				C4A1CE611B04B79200EC9F6E /* IDEKit.framework */,
			);
			name = Xcode;
			sourceTree = "<group>";
		};
/* End PBXGroup section */

/* Begin PBXNativeTarget section */
		C4A1CE4A1B04B6C500EC9F6E /* XNatalie */ = {
			isa = PBXNativeTarget;
			buildConfigurationList = C4A1CE561B04B6C500EC9F6E /* Build configuration list for PBXNativeTarget "XNatalie" */;
			buildPhases = (
				C4A1CE481B04B6C500EC9F6E /* Sources */,
				C4A1CE491B04B6C500EC9F6E /* Resources */,
				C4A1CE5C1B04B77400EC9F6E /* Frameworks */,
			);
			buildRules = (
			);
			dependencies = (
			);
			name = XNatalie;
			productName = XNatalie;
			productReference = C4A1CE4B1B04B6C500EC9F6E /* XNatalie.xcplugin */;
			productType = "com.apple.product-type.bundle";
		};
/* End PBXNativeTarget section */

/* Begin PBXProject section */
		C4A1CE441B04B6C500EC9F6E /* Project object */ = {
			isa = PBXProject;
			attributes = {
				LastUpgradeCheck = 0630;
				ORGANIZATIONNAME = phimage;
				TargetAttributes = {
					C4A1CE4A1B04B6C500EC9F6E = {
						CreatedOnToolsVersion = 6.3.1;
					};
				};
			};
			buildConfigurationList = C4A1CE471B04B6C500EC9F6E /* Build configuration list for PBXProject "XNatalie" */;
			compatibilityVersion = "Xcode 3.2";
			developmentRegion = English;
			hasScannedForEncodings = 0;
			knownRegions = (
				en,
			);
			mainGroup = C4A1CE431B04B6C500EC9F6E;
			productRefGroup = C4A1CE4C1B04B6C500EC9F6E /* Products */;
			projectDirPath = "";
			projectRoot = "";
			targets = (
				C4A1CE4A1B04B6C500EC9F6E /* XNatalie */,
			);
		};
/* End PBXProject section */

/* Begin PBXResourcesBuildPhase section */
		C4A1CE491B04B6C500EC9F6E /* Resources */ = {
			isa = PBXResourcesBuildPhase;
			buildActionMask = 2147483647;
			files = (
				C4A1CE511B04B6C500EC9F6E /* XNatalie.xcscheme in Resources */,
			);
			runOnlyForDeploymentPostprocessing = 0;
		};
/* End PBXResourcesBuildPhase section */

/* Begin PBXSourcesBuildPhase section */
		C4A1CE481B04B6C500EC9F6E /* Sources */ = {
			isa = PBXSourcesBuildPhase;
			buildActionMask = 2147483647;
			files = (
				C4A1CE681B04B8E600EC9F6E /* README.md in Sources */,
				C4A1CE531B04B6C500EC9F6E /* XNatalie.swift in Sources */,
			);
			runOnlyForDeploymentPostprocessing = 0;
		};
/* End PBXSourcesBuildPhase section */

/* Begin XCBuildConfiguration section */
		C4A1CE541B04B6C500EC9F6E /* Debug */ = {
			isa = XCBuildConfiguration;
			buildSettings = {
				ALWAYS_SEARCH_USER_PATHS = NO;
				CLANG_CXX_LANGUAGE_STANDARD = "gnu++0x";
				CLANG_CXX_LIBRARY = "libc++";
				CLANG_ENABLE_MODULES = YES;
				CLANG_ENABLE_OBJC_ARC = YES;
				CLANG_WARN_BOOL_CONVERSION = YES;
				CLANG_WARN_CONSTANT_CONVERSION = YES;
				CLANG_WARN_DIRECT_OBJC_ISA_USAGE = YES_ERROR;
				CLANG_WARN_EMPTY_BODY = YES;
				CLANG_WARN_ENUM_CONVERSION = YES;
				CLANG_WARN_INT_CONVERSION = YES;
				CLANG_WARN_OBJC_ROOT_CLASS = YES_ERROR;
				CLANG_WARN_UNREACHABLE_CODE = YES;
				CLANG_WARN__DUPLICATE_METHOD_MATCH = YES;
				COPY_PHASE_STRIP = NO;
				ENABLE_STRICT_OBJC_MSGSEND = YES;
				GCC_C_LANGUAGE_STANDARD = gnu99;
				GCC_DYNAMIC_NO_PIC = NO;
				GCC_NO_COMMON_BLOCKS = YES;
				GCC_OPTIMIZATION_LEVEL = 0;
				GCC_PREPROCESSOR_DEFINITIONS = (
					"DEBUG=1",
					"$(inherited)",
				);
				GCC_SYMBOLS_PRIVATE_EXTERN = NO;
				GCC_WARN_64_TO_32_BIT_CONVERSION = YES;
				GCC_WARN_ABOUT_RETURN_TYPE = YES_ERROR;
				GCC_WARN_UNDECLARED_SELECTOR = YES;
				GCC_WARN_UNINITIALIZED_AUTOS = YES_AGGRESSIVE;
				GCC_WARN_UNUSED_FUNCTION = YES;
				GCC_WARN_UNUSED_VARIABLE = YES;
				MTL_ENABLE_DEBUG_INFO = YES;
				ONLY_ACTIVE_ARCH = YES;
			};
			name = Debug;
		};
		C4A1CE551B04B6C500EC9F6E /* Release */ = {
			isa = XCBuildConfiguration;
			buildSettings = {
				ALWAYS_SEARCH_USER_PATHS = NO;
				CLANG_CXX_LANGUAGE_STANDARD = "gnu++0x";
				CLANG_CXX_LIBRARY = "libc++";
				CLANG_ENABLE_MODULES = YES;
				CLANG_ENABLE_OBJC_ARC = YES;
				CLANG_WARN_BOOL_CONVERSION = YES;
				CLANG_WARN_CONSTANT_CONVERSION = YES;
				CLANG_WARN_DIRECT_OBJC_ISA_USAGE = YES_ERROR;
				CLANG_WARN_EMPTY_BODY = YES;
				CLANG_WARN_ENUM_CONVERSION = YES;
				CLANG_WARN_INT_CONVERSION = YES;
				CLANG_WARN_OBJC_ROOT_CLASS = YES_ERROR;
				CLANG_WARN_UNREACHABLE_CODE = YES;
				CLANG_WARN__DUPLICATE_METHOD_MATCH = YES;
				COPY_PHASE_STRIP = NO;
				ENABLE_NS_ASSERTIONS = NO;
				ENABLE_STRICT_OBJC_MSGSEND = YES;
				GCC_C_LANGUAGE_STANDARD = gnu99;
				GCC_NO_COMMON_BLOCKS = YES;
				GCC_WARN_64_TO_32_BIT_CONVERSION = YES;
				GCC_WARN_ABOUT_RETURN_TYPE = YES_ERROR;
				GCC_WARN_UNDECLARED_SELECTOR = YES;
				GCC_WARN_UNINITIALIZED_AUTOS = YES_AGGRESSIVE;
				GCC_WARN_UNUSED_FUNCTION = YES;
				GCC_WARN_UNUSED_VARIABLE = YES;
				MTL_ENABLE_DEBUG_INFO = NO;
			};
			name = Release;
		};
		C4A1CE571B04B6C500EC9F6E /* Debug */ = {
			isa = XCBuildConfiguration;
			buildSettings = {
				COMBINE_HIDPI_IMAGES = YES;
				DEPLOYMENT_LOCATION = YES;
				DSTROOT = "$(HOME)";
				EMBEDDED_CONTENT_CONTAINS_SWIFT = YES;
				FRAMEWORK_SEARCH_PATHS = (
					"$(inherited)",
					/Users/phimage/Dev/WS/Frameworks,
				);
				INFOPLIST_FILE = XNatalie/Info.plist;
				INSTALL_PATH = "/Library/Application Support/Developer/Shared/Xcode/Plug-ins";
				LD_RUNPATH_SEARCH_PATHS = "$(DT_TOOLCHAIN_DIR)/usr/lib/swift/macosx";
				MACOSX_DEPLOYMENT_TARGET = 10.10;
				PRODUCT_NAME = "$(TARGET_NAME)";
				SWIFT_OBJC_BRIDGING_HEADER = "XNatalie/Bridging-Header.h";
				WRAPPER_EXTENSION = xcplugin;
			};
			name = Debug;
		};
		C4A1CE581B04B6C500EC9F6E /* Release */ = {
			isa = XCBuildConfiguration;
			buildSettings = {
				COMBINE_HIDPI_IMAGES = YES;
				DEPLOYMENT_LOCATION = YES;
				DSTROOT = "$(HOME)";
				EMBEDDED_CONTENT_CONTAINS_SWIFT = YES;
				FRAMEWORK_SEARCH_PATHS = (
					"$(inherited)",
					/Users/phimage/Dev/WS/Frameworks,
				);
				INFOPLIST_FILE = XNatalie/Info.plist;
				INSTALL_PATH = "/Library/Application Support/Developer/Shared/Xcode/Plug-ins";
				LD_RUNPATH_SEARCH_PATHS = "$(DT_TOOLCHAIN_DIR)/usr/lib/swift/macosx";
				MACOSX_DEPLOYMENT_TARGET = 10.10;
				PRODUCT_NAME = "$(TARGET_NAME)";
				SWIFT_OBJC_BRIDGING_HEADER = "XNatalie/Bridging-Header.h";
				WRAPPER_EXTENSION = xcplugin;
			};
			name = Release;
		};
/* End XCBuildConfiguration section */

/* Begin XCConfigurationList section */
		C4A1CE471B04B6C500EC9F6E /* Build configuration list for PBXProject "XNatalie" */ = {
			isa = XCConfigurationList;
			buildConfigurations = (
				C4A1CE541B04B6C500EC9F6E /* Debug */,
				C4A1CE551B04B6C500EC9F6E /* Release */,
			);
			defaultConfigurationIsVisible = 0;
			defaultConfigurationName = Release;
		};
		C4A1CE561B04B6C500EC9F6E /* Build configuration list for PBXNativeTarget "XNatalie" */ = {
			isa = XCConfigurationList;
			buildConfigurations = (
				C4A1CE571B04B6C500EC9F6E /* Debug */,
				C4A1CE581B04B6C500EC9F6E /* Release */,
			);
			defaultConfigurationIsVisible = 0;
			defaultConfigurationName = Release;
		};
/* End XCConfigurationList section */
	};
	rootObject = C4A1CE441B04B6C500EC9F6E /* Project object */;
}
