// !$*UTF8*$!
{
	archiveVersion = 1;
	classes = {
	};
	objectVersion = 46;
	objects = {

/* Begin PBXBuildFile section */
		75FBDF971ADE59A30056F7DA /* AppDelegate.swift in Sources */ = {isa = PBXBuildFile; fileRef = 75FBDF961ADE59A30056F7DA /* AppDelegate.swift */; };
		75FBDF991ADE59A30056F7DA /* MainViewController.swift in Sources */ = {isa = PBXBuildFile; fileRef = 75FBDF981ADE59A30056F7DA /* MainViewController.swift */; };
		75FBDF9C1ADE59A30056F7DA /* Main.storyboard in Resources */ = {isa = PBXBuildFile; fileRef = 75FBDF9A1ADE59A30056F7DA /* Main.storyboard */; };
		75FBDF9E1ADE59A30056F7DA /* Images.xcassets in Resources */ = {isa = PBXBuildFile; fileRef = 75FBDF9D1ADE59A30056F7DA /* Images.xcassets */; };
		75FBDFA11ADE59A30056F7DA /* LaunchScreen.xib in Resources */ = {isa = PBXBuildFile; fileRef = 75FBDF9F1ADE59A30056F7DA /* LaunchScreen.xib */; };
		75FBDFB71ADE5F950056F7DA /* ScreenOneViewController.swift in Sources */ = {isa = PBXBuildFile; fileRef = 75FBDFB61ADE5F950056F7DA /* ScreenOneViewController.swift */; };
		75FBDFB91ADE5FA50056F7DA /* ScreenTwoViewController.swift in Sources */ = {isa = PBXBuildFile; fileRef = 75FBDFB81ADE5FA50056F7DA /* ScreenTwoViewController.swift */; };
		75FBDFBB1ADE65DA0056F7DA /* Storyboards.swift in Sources */ = {isa = PBXBuildFile; fileRef = 75FBDFBA1ADE65DA0056F7DA /* Storyboards.swift */; };
/* End PBXBuildFile section */

/* Begin PBXFileReference section */
		75FBDF911ADE59A30056F7DA /* NatalieExample.app */ = {isa = PBXFileReference; explicitFileType = wrapper.application; includeInIndex = 0; path = NatalieExample.app; sourceTree = BUILT_PRODUCTS_DIR; };
		75FBDF951ADE59A30056F7DA /* Info.plist */ = {isa = PBXFileReference; lastKnownFileType = text.plist.xml; path = Info.plist; sourceTree = "<group>"; };
		75FBDF961ADE59A30056F7DA /* AppDelegate.swift */ = {isa = PBXFileReference; lastKnownFileType = sourcecode.swift; path = AppDelegate.swift; sourceTree = "<group>"; };
		75FBDF981ADE59A30056F7DA /* MainViewController.swift */ = {isa = PBXFileReference; lastKnownFileType = sourcecode.swift; path = MainViewController.swift; sourceTree = "<group>"; };
		75FBDF9B1ADE59A30056F7DA /* Base */ = {isa = PBXFileReference; lastKnownFileType = file.storyboard; name = Base; path = Base.lproj/Main.storyboard; sourceTree = "<group>"; };
		75FBDF9D1ADE59A30056F7DA /* Images.xcassets */ = {isa = PBXFileReference; lastKnownFileType = folder.assetcatalog; path = Images.xcassets; sourceTree = "<group>"; };
		75FBDFA01ADE59A30056F7DA /* Base */ = {isa = PBXFileReference; lastKnownFileType = file.xib; name = Base; path = Base.lproj/LaunchScreen.xib; sourceTree = "<group>"; };
		75FBDFB61ADE5F950056F7DA /* ScreenOneViewController.swift */ = {isa = PBXFileReference; fileEncoding = 4; lastKnownFileType = sourcecode.swift; path = ScreenOneViewController.swift; sourceTree = "<group>"; };
		75FBDFB81ADE5FA50056F7DA /* ScreenTwoViewController.swift */ = {isa = PBXFileReference; fileEncoding = 4; lastKnownFileType = sourcecode.swift; path = ScreenTwoViewController.swift; sourceTree = "<group>"; };
		75FBDFBA1ADE65DA0056F7DA /* Storyboards.swift */ = {isa = PBXFileReference; fileEncoding = 4; lastKnownFileType = sourcecode.swift; path = Storyboards.swift; sourceTree = "<group>"; };
/* End PBXFileReference section */

/* Begin PBXFrameworksBuildPhase section */
		75FBDF8E1ADE59A30056F7DA /* Frameworks */ = {
			isa = PBXFrameworksBuildPhase;
			buildActionMask = 2147483647;
			files = (
			);
			runOnlyForDeploymentPostprocessing = 0;
		};
/* End PBXFrameworksBuildPhase section */

/* Begin PBXGroup section */
		75FBDF881ADE59A30056F7DA = {
			isa = PBXGroup;
			children = (
				75FBDF931ADE59A30056F7DA /* NatalieExample */,
				75FBDF921ADE59A30056F7DA /* Products */,
			);
			indentWidth = 4;
			sourceTree = "<group>";
			tabWidth = 4;
			usesTabs = 0;
		};
		75FBDF921ADE59A30056F7DA /* Products */ = {
			isa = PBXGroup;
			children = (
				75FBDF911ADE59A30056F7DA /* NatalieExample.app */,
			);
			name = Products;
			sourceTree = "<group>";
		};
		75FBDF931ADE59A30056F7DA /* NatalieExample */ = {
			isa = PBXGroup;
			children = (
				75FBDF961ADE59A30056F7DA /* AppDelegate.swift */,
				75FBDF981ADE59A30056F7DA /* MainViewController.swift */,
				75FBDFB61ADE5F950056F7DA /* ScreenOneViewController.swift */,
				75FBDFB81ADE5FA50056F7DA /* ScreenTwoViewController.swift */,
				75FBDFBA1ADE65DA0056F7DA /* Storyboards.swift */,
				75FBDF9A1ADE59A30056F7DA /* Main.storyboard */,
				75FBDF9D1ADE59A30056F7DA /* Images.xcassets */,
				75FBDF9F1ADE59A30056F7DA /* LaunchScreen.xib */,
				75FBDF941ADE59A30056F7DA /* Supporting Files */,
			);
			path = NatalieExample;
			sourceTree = "<group>";
		};
		75FBDF941ADE59A30056F7DA /* Supporting Files */ = {
			isa = PBXGroup;
			children = (
				75FBDF951ADE59A30056F7DA /* Info.plist */,
			);
			name = "Supporting Files";
			sourceTree = "<group>";
		};
/* End PBXGroup section */

/* Begin PBXNativeTarget section */
		75FBDF901ADE59A30056F7DA /* NatalieExample */ = {
			isa = PBXNativeTarget;
			buildConfigurationList = 75FBDFB01ADE59A30056F7DA /* Build configuration list for PBXNativeTarget "NatalieExample" */;
			buildPhases = (
				757ED5C21ADE785B00ACE9CF /* Natalie generator */,
				75FBDF8D1ADE59A30056F7DA /* Sources */,
				75FBDF8E1ADE59A30056F7DA /* Frameworks */,
				75FBDF8F1ADE59A30056F7DA /* Resources */,
			);
			buildRules = (
			);
			dependencies = (
			);
			name = NatalieExample;
			productName = NatalieExample;
			productReference = 75FBDF911ADE59A30056F7DA /* NatalieExample.app */;
			productType = "com.apple.product-type.application";
		};
/* End PBXNativeTarget section */

/* Begin PBXProject section */
		75FBDF891ADE59A30056F7DA /* Project object */ = {
			isa = PBXProject;
			attributes = {
				LastSwiftUpdateCheck = 0700;
				LastUpgradeCheck = 0630;
				ORGANIZATIONNAME = "Marcin Krzyżanowski";
				TargetAttributes = {
					75FBDF901ADE59A30056F7DA = {
						CreatedOnToolsVersion = 6.3;
					};
				};
			};
			buildConfigurationList = 75FBDF8C1ADE59A30056F7DA /* Build configuration list for PBXProject "NatalieExample" */;
			compatibilityVersion = "Xcode 3.2";
			developmentRegion = English;
			hasScannedForEncodings = 0;
			knownRegions = (
				en,
				Base,
			);
			mainGroup = 75FBDF881ADE59A30056F7DA;
			productRefGroup = 75FBDF921ADE59A30056F7DA /* Products */;
			projectDirPath = "";
			projectRoot = "";
			targets = (
				75FBDF901ADE59A30056F7DA /* NatalieExample */,
			);
		};
/* End PBXProject section */

/* Begin PBXResourcesBuildPhase section */
		75FBDF8F1ADE59A30056F7DA /* Resources */ = {
			isa = PBXResourcesBuildPhase;
			buildActionMask = 2147483647;
			files = (
				75FBDF9C1ADE59A30056F7DA /* Main.storyboard in Resources */,
				75FBDFA11ADE59A30056F7DA /* LaunchScreen.xib in Resources */,
				75FBDF9E1ADE59A30056F7DA /* Images.xcassets in Resources */,
			);
			runOnlyForDeploymentPostprocessing = 0;
		};
/* End PBXResourcesBuildPhase section */

/* Begin PBXShellScriptBuildPhase section */
		757ED5C21ADE785B00ACE9CF /* Natalie generator */ = {
			isa = PBXShellScriptBuildPhase;
			buildActionMask = 2147483647;
			files = (
			);
			inputPaths = (
			);
			name = "Natalie generator";
			outputPaths = (
			);
			runOnlyForDeploymentPostprocessing = 0;
			shellPath = /bin/bash;
			shellScript = "echo \"Natalie generator\"\n\nNATALIE_PATH=\"../natalie.swift\"\n\nif [ -f $NATALIE_PATH ]\nthen\n    $NATALIE_PATH \"$PROJECT_DIR/$PROJECT_NAME\" > \"$PROJECT_DIR/$PROJECT_NAME/Storyboards.swift\"\nfi\n";
			showEnvVarsInLog = 0;
		};
/* End PBXShellScriptBuildPhase section */

/* Begin PBXSourcesBuildPhase section */
		75FBDF8D1ADE59A30056F7DA /* Sources */ = {
			isa = PBXSourcesBuildPhase;
			buildActionMask = 2147483647;
			files = (
				75FBDF991ADE59A30056F7DA /* MainViewController.swift in Sources */,
				75FBDFBB1ADE65DA0056F7DA /* Storyboards.swift in Sources */,
				75FBDFB91ADE5FA50056F7DA /* ScreenTwoViewController.swift in Sources */,
				75FBDF971ADE59A30056F7DA /* AppDelegate.swift in Sources */,
				75FBDFB71ADE5F950056F7DA /* ScreenOneViewController.swift in Sources */,
			);
			runOnlyForDeploymentPostprocessing = 0;
		};
/* End PBXSourcesBuildPhase section */

/* Begin PBXVariantGroup section */
		75FBDF9A1ADE59A30056F7DA /* Main.storyboard */ = {
			isa = PBXVariantGroup;
			children = (
				75FBDF9B1ADE59A30056F7DA /* Base */,
			);
			name = Main.storyboard;
			sourceTree = "<group>";
		};
		75FBDF9F1ADE59A30056F7DA /* LaunchScreen.xib */ = {
			isa = PBXVariantGroup;
			children = (
				75FBDFA01ADE59A30056F7DA /* Base */,
			);
			name = LaunchScreen.xib;
			sourceTree = "<group>";
		};
/* End PBXVariantGroup section */

/* Begin XCBuildConfiguration section */
		75FBDFAE1ADE59A30056F7DA /* Debug */ = {
			isa = XCBuildConfiguration;
			buildSettings = {
				ALWAYS_SEARCH_USER_PATHS = NO;
				CLANG_CXX_LANGUAGE_STANDARD = "gnu++0x";
				CLANG_CXX_LIBRARY = "libc++";
				CLANG_ENABLE_MODULES = YES;
				CLANG_ENABLE_OBJC_ARC = YES;
				CLANG_WARN_BOOL_CONVERSION = YES;
				CLANG_WARN_CONSTANT_CONVERSION = YES;
				CLANG_WARN_DIRECT_OBJC_ISA_USAGE = YES_ERROR;
				CLANG_WARN_EMPTY_BODY = YES;
				CLANG_WARN_ENUM_CONVERSION = YES;
				CLANG_WARN_INT_CONVERSION = YES;
				CLANG_WARN_OBJC_ROOT_CLASS = YES_ERROR;
				CLANG_WARN_UNREACHABLE_CODE = YES;
				CLANG_WARN__DUPLICATE_METHOD_MATCH = YES;
				"CODE_SIGN_IDENTITY[sdk=iphoneos*]" = "iPhone Developer";
				COPY_PHASE_STRIP = NO;
				DEBUG_INFORMATION_FORMAT = "dwarf-with-dsym";
				ENABLE_STRICT_OBJC_MSGSEND = YES;
				GCC_C_LANGUAGE_STANDARD = gnu99;
				GCC_DYNAMIC_NO_PIC = NO;
				GCC_NO_COMMON_BLOCKS = YES;
				GCC_OPTIMIZATION_LEVEL = 0;
				GCC_PREPROCESSOR_DEFINITIONS = (
					"DEBUG=1",
					"$(inherited)",
				);
				GCC_SYMBOLS_PRIVATE_EXTERN = NO;
				GCC_WARN_64_TO_32_BIT_CONVERSION = YES;
				GCC_WARN_ABOUT_RETURN_TYPE = YES_ERROR;
				GCC_WARN_UNDECLARED_SELECTOR = YES;
				GCC_WARN_UNINITIALIZED_AUTOS = YES_AGGRESSIVE;
				GCC_WARN_UNUSED_FUNCTION = YES;
				GCC_WARN_UNUSED_VARIABLE = YES;
				IPHONEOS_DEPLOYMENT_TARGET = 8.3;
				MTL_ENABLE_DEBUG_INFO = YES;
				ONLY_ACTIVE_ARCH = YES;
				SDKROOT = iphoneos;
				SWIFT_OPTIMIZATION_LEVEL = "-Onone";
			};
			name = Debug;
		};
		75FBDFAF1ADE59A30056F7DA /* Release */ = {
			isa = XCBuildConfiguration;
			buildSettings = {
				ALWAYS_SEARCH_USER_PATHS = NO;
				CLANG_CXX_LANGUAGE_STANDARD = "gnu++0x";
				CLANG_CXX_LIBRARY = "libc++";
				CLANG_ENABLE_MODULES = YES;
				CLANG_ENABLE_OBJC_ARC = YES;
				CLANG_WARN_BOOL_CONVERSION = YES;
				CLANG_WARN_CONSTANT_CONVERSION = YES;
				CLANG_WARN_DIRECT_OBJC_ISA_USAGE = YES_ERROR;
				CLANG_WARN_EMPTY_BODY = YES;
				CLANG_WARN_ENUM_CONVERSION = YES;
				CLANG_WARN_INT_CONVERSION = YES;
				CLANG_WARN_OBJC_ROOT_CLASS = YES_ERROR;
				CLANG_WARN_UNREACHABLE_CODE = YES;
				CLANG_WARN__DUPLICATE_METHOD_MATCH = YES;
				"CODE_SIGN_IDENTITY[sdk=iphoneos*]" = "iPhone Developer";
				COPY_PHASE_STRIP = NO;
				DEBUG_INFORMATION_FORMAT = "dwarf-with-dsym";
				ENABLE_NS_ASSERTIONS = NO;
				ENABLE_STRICT_OBJC_MSGSEND = YES;
				GCC_C_LANGUAGE_STANDARD = gnu99;
				GCC_NO_COMMON_BLOCKS = YES;
				GCC_WARN_64_TO_32_BIT_CONVERSION = YES;
				GCC_WARN_ABOUT_RETURN_TYPE = YES_ERROR;
				GCC_WARN_UNDECLARED_SELECTOR = YES;
				GCC_WARN_UNINITIALIZED_AUTOS = YES_AGGRESSIVE;
				GCC_WARN_UNUSED_FUNCTION = YES;
				GCC_WARN_UNUSED_VARIABLE = YES;
				IPHONEOS_DEPLOYMENT_TARGET = 8.3;
				MTL_ENABLE_DEBUG_INFO = NO;
				SDKROOT = iphoneos;
				VALIDATE_PRODUCT = YES;
			};
			name = Release;
		};
		75FBDFB11ADE59A30056F7DA /* Debug */ = {
			isa = XCBuildConfiguration;
			buildSettings = {
				ASSETCATALOG_COMPILER_APPICON_NAME = AppIcon;
				INFOPLIST_FILE = NatalieExample/Info.plist;
				LD_RUNPATH_SEARCH_PATHS = "$(inherited) @executable_path/Frameworks";
				PRODUCT_NAME = "$(TARGET_NAME)";
			};
			name = Debug;
		};
		75FBDFB21ADE59A30056F7DA /* Release */ = {
			isa = XCBuildConfiguration;
			buildSettings = {
				ASSETCATALOG_COMPILER_APPICON_NAME = AppIcon;
				INFOPLIST_FILE = NatalieExample/Info.plist;
				LD_RUNPATH_SEARCH_PATHS = "$(inherited) @executable_path/Frameworks";
				PRODUCT_NAME = "$(TARGET_NAME)";
			};
			name = Release;
		};
/* End XCBuildConfiguration section */

/* Begin XCConfigurationList section */
		75FBDF8C1ADE59A30056F7DA /* Build configuration list for PBXProject "NatalieExample" */ = {
			isa = XCConfigurationList;
			buildConfigurations = (
				75FBDFAE1ADE59A30056F7DA /* Debug */,
				75FBDFAF1ADE59A30056F7DA /* Release */,
			);
			defaultConfigurationIsVisible = 0;
			defaultConfigurationName = Release;
		};
		75FBDFB01ADE59A30056F7DA /* Build configuration list for PBXNativeTarget "NatalieExample" */ = {
			isa = XCConfigurationList;
			buildConfigurations = (
				75FBDFB11ADE59A30056F7DA /* Debug */,
				75FBDFB21ADE59A30056F7DA /* Release */,
			);
			defaultConfigurationIsVisible = 0;
			defaultConfigurationName = Release;
		};
/* End XCConfigurationList section */
	};
	rootObject = 75FBDF891ADE59A30056F7DA /* Project object */;
}
